
Microsoft Visual Studio Solution File, Format Version 12.00
# Visual Studio Version 17
VisualStudioVersion = 17.6.33723.286
MinimumVisualStudioVersion = 10.0.40219.1
Project("{E53339B2-1760-4266-BCC7-CA923CBCF16C}") = "docker-compose", "docker-compose.dcproj", "{75B50388-36A9-49ED-8386-685E55C3D013}"
EndProject
Project("{9A19103F-16F7-4668-BE54-9A1E7A4F7556}") = "Authentication", "Services\Authentication\Authentication.csproj", "{90A84E84-7D1D-4A70-95DF-C76EAD45D778}"
EndProject
Project("{9A19103F-16F7-4668-BE54-9A1E7A4F7556}") = "CourseManagement", "Services\CourseManagement\CourseManagement.csproj", "{93ACC86D-7507-4DBA-A413-8DE7F97384A8}"
EndProject
Project("{9A19103F-16F7-4668-BE54-9A1E7A4F7556}") = "Infrastructure", "Infrastructure\Infrastructure.csproj", "{9BFF9C58-F22F-40B2-B2DD-6E0003E29849}"
EndProject
Project("{FAE04EC0-301F-11D3-BF4B-00C04F79EFBC}") = "Services.Common", "Services\Services.Common\Services.Common.csproj", "{4298822B-FFE9-4255-A669-8F5AD21725DB}"
EndProject
Global
	GlobalSection(SolutionConfigurationPlatforms) = preSolution
		Debug|Any CPU = Debug|Any CPU
		Release|Any CPU = Release|Any CPU
	EndGlobalSection
	GlobalSection(ProjectConfigurationPlatforms) = postSolution
		{75B50388-36A9-49ED-8386-685E55C3D013}.Debug|Any CPU.ActiveCfg = Debug|Any CPU
		{75B50388-36A9-49ED-8386-685E55C3D013}.Debug|Any CPU.Build.0 = Debug|Any CPU
		{75B50388-36A9-49ED-8386-685E55C3D013}.Release|Any CPU.ActiveCfg = Release|Any CPU
		{75B50388-36A9-49ED-8386-685E55C3D013}.Release|Any CPU.Build.0 = Release|Any CPU
		{90A84E84-7D1D-4A70-95DF-C76EAD45D778}.Debug|Any CPU.ActiveCfg = Debug|Any CPU
		{90A84E84-7D1D-4A70-95DF-C76EAD45D778}.Debug|Any CPU.Build.0 = Debug|Any CPU
		{90A84E84-7D1D-4A70-95DF-C76EAD45D778}.Release|Any CPU.ActiveCfg = Release|Any CPU
		{90A84E84-7D1D-4A70-95DF-C76EAD45D778}.Release|Any CPU.Build.0 = Release|Any CPU
		{93ACC86D-7507-4DBA-A413-8DE7F97384A8}.Debug|Any CPU.ActiveCfg = Debug|Any CPU
		{93ACC86D-7507-4DBA-A413-8DE7F97384A8}.Debug|Any CPU.Build.0 = Debug|Any CPU
		{93ACC86D-7507-4DBA-A413-8DE7F97384A8}.Release|Any CPU.ActiveCfg = Release|Any CPU
		{93ACC86D-7507-4DBA-A413-8DE7F97384A8}.Release|Any CPU.Build.0 = Release|Any CPU
		{9BFF9C58-F22F-40B2-B2DD-6E0003E29849}.Debug|Any CPU.ActiveCfg = Debug|Any CPU
		{9BFF9C58-F22F-40B2-B2DD-6E0003E29849}.Debug|Any CPU.Build.0 = Debug|Any CPU
		{9BFF9C58-F22F-40B2-B2DD-6E0003E29849}.Release|Any CPU.ActiveCfg = Release|Any CPU
		{9BFF9C58-F22F-40B2-B2DD-6E0003E29849}.Release|Any CPU.Build.0 = Release|Any CPU
		{4298822B-FFE9-4255-A669-8F5AD21725DB}.Debug|Any CPU.ActiveCfg = Debug|Any CPU
		{4298822B-FFE9-4255-A669-8F5AD21725DB}.Debug|Any CPU.Build.0 = Debug|Any CPU
		{4298822B-FFE9-4255-A669-8F5AD21725DB}.Release|Any CPU.ActiveCfg = Release|Any CPU
		{4298822B-FFE9-4255-A669-8F5AD21725DB}.Release|Any CPU.Build.0 = Release|Any CPU
	EndGlobalSection
	GlobalSection(SolutionProperties) = preSolution
		HideSolutionNode = FALSE
	EndGlobalSection
	GlobalSection(ExtensibilityGlobals) = postSolution
		SolutionGuid = {24474453-254B-49BE-B43D-235F77B08376}
	EndGlobalSection
EndGlobal
